
Microsoft Visual Studio Solution File, Format Version 12.00
Project("{FAE04EC0-301F-11D3-BF4B-00C04F79EFBC}") = "API", "API.csproj", "{7608B1BF-BC24-4211-98A0-E11CA99A481F}"
EndProject
Project("{FAE04EC0-301F-11D3-BF4B-00C04F79EFBC}") = "ScheduleCrawler", "..\ScheduleCrawler\ScheduleCrawler\ScheduleCrawler.csproj", "{317287AA-40EB-49B4-9B50-C9F945B9973D}"
EndProject
Global
	GlobalSection(SolutionConfigurationPlatforms) = preSolution
		Debug|Any CPU = Debug|Any CPU
		Release|Any CPU = Release|Any CPU
	EndGlobalSection
	GlobalSection(ProjectConfigurationPlatforms) = postSolution
		{7608B1BF-BC24-4211-98A0-E11CA99A481F}.Debug|Any CPU.ActiveCfg = Debug|Any CPU
		{7608B1BF-BC24-4211-98A0-E11CA99A481F}.Debug|Any CPU.Build.0 = Debug|Any CPU
		{7608B1BF-BC24-4211-98A0-E11CA99A481F}.Release|Any CPU.ActiveCfg = Release|Any CPU
		{7608B1BF-BC24-4211-98A0-E11CA99A481F}.Release|Any CPU.Build.0 = Release|Any CPU
		{317287AA-40EB-49B4-9B50-C9F945B9973D}.Debug|Any CPU.ActiveCfg = Debug|Any CPU
		{317287AA-40EB-49B4-9B50-C9F945B9973D}.Debug|Any CPU.Build.0 = Debug|Any CPU
		{317287AA-40EB-49B4-9B50-C9F945B9973D}.Release|Any CPU.ActiveCfg = Release|Any CPU
		{317287AA-40EB-49B4-9B50-C9F945B9973D}.Release|Any CPU.Build.0 = Release|Any CPU
	EndGlobalSection
EndGlobal
